
Microsoft Visual Studio Solution File, Format Version 12.00
Project("{2150E333-8FDC-42A3-9474-1A3956D46DE8}") = "src", "src", "{54F46F30-114B-4F51-86B4-D87337E09860}"
EndProject
Project("{FAE04EC0-301F-11D3-BF4B-00C04F79EFBC}") = "Domain", "src\Domain\Domain.csproj", "{322BD07D-7C9C-4101-83B9-0E82B346D1C5}"
EndProject
Project("{FAE04EC0-301F-11D3-BF4B-00C04F79EFBC}") = "Infrastructure", "src\Infrastructure\Infrastructure.csproj", "{361031CA-B51C-44EF-862C-21F0B65FA7B2}"
EndProject
Project("{FAE04EC0-301F-11D3-BF4B-00C04F79EFBC}") = "Business", "src\Business\Business.csproj", "{587BFD8A-AC36-4985-BD94-4787EE457E97}"
EndProject
Project("{FAE04EC0-301F-11D3-BF4B-00C04F79EFBC}") = "WebCore", "src\WebCore\WebCore.csproj", "{CB07F3FC-BCB7-4A9D-967E-CC0097EAB646}"
EndProject
Project("{2150E333-8FDC-42A3-9474-1A3956D46DE8}") = "Solution Items", "Solution Items", "{5341C28E-F1FC-4340-8403-EB93C457AF25}"
	ProjectSection(SolutionItems) = preProject
		README.md = README.md
	EndProjectSection
EndProject
Project("{FAE04EC0-301F-11D3-BF4B-00C04F79EFBC}") = "Business.Tests", "tests\Business.Tests\Business.Tests.csproj", "{3366C22A-E2D9-4A54-8AAA-70B869F5ABDE}"
EndProject
Project("{FAE04EC0-301F-11D3-BF4B-00C04F79EFBC}") = "Infrastructure.Tests", "tests\Infrastructure.Tests\Infrastructure.Tests.csproj", "{A75DF603-0E7A-4EF4-802A-6D5FCB5EB327}"
EndProject
Project("{2150E333-8FDC-42A3-9474-1A3956D46DE8}") = "tests", "tests", "{B9D911D0-DADA-45EC-A964-CE9FDEB839AA}"
EndProject
Global
	GlobalSection(SolutionConfigurationPlatforms) = preSolution
		Debug|Any CPU = Debug|Any CPU
		Release|Any CPU = Release|Any CPU
	EndGlobalSection
	GlobalSection(ProjectConfigurationPlatforms) = postSolution
		{322BD07D-7C9C-4101-83B9-0E82B346D1C5}.Debug|Any CPU.ActiveCfg = Debug|Any CPU
		{322BD07D-7C9C-4101-83B9-0E82B346D1C5}.Debug|Any CPU.Build.0 = Debug|Any CPU
		{322BD07D-7C9C-4101-83B9-0E82B346D1C5}.Release|Any CPU.ActiveCfg = Release|Any CPU
		{322BD07D-7C9C-4101-83B9-0E82B346D1C5}.Release|Any CPU.Build.0 = Release|Any CPU
		{361031CA-B51C-44EF-862C-21F0B65FA7B2}.Debug|Any CPU.ActiveCfg = Debug|Any CPU
		{361031CA-B51C-44EF-862C-21F0B65FA7B2}.Debug|Any CPU.Build.0 = Debug|Any CPU
		{361031CA-B51C-44EF-862C-21F0B65FA7B2}.Release|Any CPU.ActiveCfg = Release|Any CPU
		{361031CA-B51C-44EF-862C-21F0B65FA7B2}.Release|Any CPU.Build.0 = Release|Any CPU
		{587BFD8A-AC36-4985-BD94-4787EE457E97}.Debug|Any CPU.ActiveCfg = Debug|Any CPU
		{587BFD8A-AC36-4985-BD94-4787EE457E97}.Debug|Any CPU.Build.0 = Debug|Any CPU
		{587BFD8A-AC36-4985-BD94-4787EE457E97}.Release|Any CPU.ActiveCfg = Release|Any CPU
		{587BFD8A-AC36-4985-BD94-4787EE457E97}.Release|Any CPU.Build.0 = Release|Any CPU
		{CB07F3FC-BCB7-4A9D-967E-CC0097EAB646}.Debug|Any CPU.ActiveCfg = Debug|Any CPU
		{CB07F3FC-BCB7-4A9D-967E-CC0097EAB646}.Debug|Any CPU.Build.0 = Debug|Any CPU
		{CB07F3FC-BCB7-4A9D-967E-CC0097EAB646}.Release|Any CPU.ActiveCfg = Release|Any CPU
		{CB07F3FC-BCB7-4A9D-967E-CC0097EAB646}.Release|Any CPU.Build.0 = Release|Any CPU
		{3366C22A-E2D9-4A54-8AAA-70B869F5ABDE}.Debug|Any CPU.ActiveCfg = Debug|Any CPU
		{3366C22A-E2D9-4A54-8AAA-70B869F5ABDE}.Debug|Any CPU.Build.0 = Debug|Any CPU
		{3366C22A-E2D9-4A54-8AAA-70B869F5ABDE}.Release|Any CPU.ActiveCfg = Release|Any CPU
		{3366C22A-E2D9-4A54-8AAA-70B869F5ABDE}.Release|Any CPU.Build.0 = Release|Any CPU
		{A75DF603-0E7A-4EF4-802A-6D5FCB5EB327}.Debug|Any CPU.ActiveCfg = Debug|Any CPU
		{A75DF603-0E7A-4EF4-802A-6D5FCB5EB327}.Debug|Any CPU.Build.0 = Debug|Any CPU
		{A75DF603-0E7A-4EF4-802A-6D5FCB5EB327}.Release|Any CPU.ActiveCfg = Release|Any CPU
		{A75DF603-0E7A-4EF4-802A-6D5FCB5EB327}.Release|Any CPU.Build.0 = Release|Any CPU
	EndGlobalSection
	GlobalSection(NestedProjects) = preSolution
		{322BD07D-7C9C-4101-83B9-0E82B346D1C5} = {54F46F30-114B-4F51-86B4-D87337E09860}
		{361031CA-B51C-44EF-862C-21F0B65FA7B2} = {54F46F30-114B-4F51-86B4-D87337E09860}
		{587BFD8A-AC36-4985-BD94-4787EE457E97} = {54F46F30-114B-4F51-86B4-D87337E09860}
		{CB07F3FC-BCB7-4A9D-967E-CC0097EAB646} = {54F46F30-114B-4F51-86B4-D87337E09860}
		{A75DF603-0E7A-4EF4-802A-6D5FCB5EB327} = {B9D911D0-DADA-45EC-A964-CE9FDEB839AA}
		{3366C22A-E2D9-4A54-8AAA-70B869F5ABDE} = {B9D911D0-DADA-45EC-A964-CE9FDEB839AA}
	EndGlobalSection
EndGlobal
